Microsoft Visual Studio Solution File, Format Version 11.00
# Visual Studio 2010
Project("{FAE04EC0-301F-11D3-BF4B-00C04F79EFBC}") = "DelayedImagesXPO.Module", "DelayedImagesXPO.Module\DelayedImagesXPO.Module.csproj", "{4E934E69-9958-4B84-B537-E4699F6CB6FF}"
EndProject
Project("{FAE04EC0-301F-11D3-BF4B-00C04F79EFBC}") = "DelayedImagesXPO.Web", "DelayedImagesXPO.Web\DelayedImagesXPO.Web.csproj", "{F4616CD9-261A-4364-B249-D4FD2D3524B3}"
EndProject
Project("{FAE04EC0-301F-11D3-BF4B-00C04F79EFBC}") = "DelayedImagesXPO.Win", "DelayedImagesXPO.Win\DelayedImagesXPO.Win.csproj", "{CABEF70F-54D8-48C1-965F-36B0ABDA8935}"
EndProject
Global
	GlobalSection(SolutionConfigurationPlatforms) = preSolution
		Debug|Any CPU = Debug|Any CPU
		EasyTest|Any CPU = EasyTest|Any CPU
		Release|Any CPU = Release|Any CPU
	EndGlobalSection
	GlobalSection(ProjectConfigurationPlatforms) = postSolution
		{4E934E69-9958-4B84-B537-E4699F6CB6FF}.Debug|Any CPU.ActiveCfg = Debug|Any CPU
		{4E934E69-9958-4B84-B537-E4699F6CB6FF}.Debug|Any CPU.Build.0 = Debug|Any CPU
		{4E934E69-9958-4B84-B537-E4699F6CB6FF}.EasyTest|Any CPU.ActiveCfg = EasyTest|Any CPU
		{4E934E69-9958-4B84-B537-E4699F6CB6FF}.EasyTest|Any CPU.Build.0 = EasyTest|Any CPU
		{4E934E69-9958-4B84-B537-E4699F6CB6FF}.Release|Any CPU.ActiveCfg = Release|Any CPU
		{4E934E69-9958-4B84-B537-E4699F6CB6FF}.Release|Any CPU.Build.0 = Release|Any CPU
		{F4616CD9-261A-4364-B249-D4FD2D3524B3}.Debug|Any CPU.ActiveCfg = Debug|Any CPU
		{F4616CD9-261A-4364-B249-D4FD2D3524B3}.Debug|Any CPU.Build.0 = Debug|Any CPU
		{F4616CD9-261A-4364-B249-D4FD2D3524B3}.EasyTest|Any CPU.ActiveCfg = EasyTest|Any CPU
		{F4616CD9-261A-4364-B249-D4FD2D3524B3}.EasyTest|Any CPU.Build.0 = EasyTest|Any CPU
		{F4616CD9-261A-4364-B249-D4FD2D3524B3}.Release|Any CPU.ActiveCfg = Release|Any CPU
		{F4616CD9-261A-4364-B249-D4FD2D3524B3}.Release|Any CPU.Build.0 = Release|Any CPU
		{CABEF70F-54D8-48C1-965F-36B0ABDA8935}.Debug|Any CPU.ActiveCfg = Debug|Any CPU
		{CABEF70F-54D8-48C1-965F-36B0ABDA8935}.Debug|Any CPU.Build.0 = Debug|Any CPU
		{CABEF70F-54D8-48C1-965F-36B0ABDA8935}.EasyTest|Any CPU.ActiveCfg = EasyTest|Any CPU
		{CABEF70F-54D8-48C1-965F-36B0ABDA8935}.EasyTest|Any CPU.Build.0 = EasyTest|Any CPU
		{CABEF70F-54D8-48C1-965F-36B0ABDA8935}.Release|Any CPU.ActiveCfg = Release|Any CPU
		{CABEF70F-54D8-48C1-965F-36B0ABDA8935}.Release|Any CPU.Build.0 = Release|Any CPU
	EndGlobalSection
	GlobalSection(SolutionProperties) = preSolution
		HideSolutionNode = FALSE
	EndGlobalSection
EndGlobal
